
Microsoft Visual Studio Solution File, Format Version 12.00
# Visual Studio 14
VisualStudioVersion = 14.0.25420.1
MinimumVisualStudioVersion = 10.0.40219.1
Project("{FAE04EC0-301F-11D3-BF4B-00C04F79EFBC}") = "HotUkDealsNetClient", "HotUkDealsNetClient\HotUkDealsNetClient.csproj", "{1C9F3260-398E-41F0-924D-38BC36E6BFEB}"
EndProject
Project("{FAE04EC0-301F-11D3-BF4B-00C04F79EFBC}") = "HotUkDealsNetClient.Tests", "HotUkDealsNetClient.Tests\HotUkDealsNetClient.Tests.csproj", "{84ABEED0-854A-4035-AEE9-A7CDB3515660}"
EndProject
Global
	GlobalSection(SolutionConfigurationPlatforms) = preSolution
		Debug|Any CPU = Debug|Any CPU
		Release|Any CPU = Release|Any CPU
	EndGlobalSection
	GlobalSection(ProjectConfigurationPlatforms) = postSolution
		{1C9F3260-398E-41F0-924D-38BC36E6BFEB}.Debug|Any CPU.ActiveCfg = Debug|Any CPU
		{1C9F3260-398E-41F0-924D-38BC36E6BFEB}.Debug|Any CPU.Build.0 = Debug|Any CPU
		{1C9F3260-398E-41F0-924D-38BC36E6BFEB}.Release|Any CPU.ActiveCfg = Release|Any CPU
		{1C9F3260-398E-41F0-924D-38BC36E6BFEB}.Release|Any CPU.Build.0 = Release|Any CPU
		{84ABEED0-854A-4035-AEE9-A7CDB3515660}.Debug|Any CPU.ActiveCfg = Debug|Any CPU
		{84ABEED0-854A-4035-AEE9-A7CDB3515660}.Debug|Any CPU.Build.0 = Debug|Any CPU
		{84ABEED0-854A-4035-AEE9-A7CDB3515660}.Release|Any CPU.ActiveCfg = Release|Any CPU
		{84ABEED0-854A-4035-AEE9-A7CDB3515660}.Release|Any CPU.Build.0 = Release|Any CPU
	EndGlobalSection
	GlobalSection(SolutionProperties) = preSolution
		HideSolutionNode = FALSE
	EndGlobalSection
EndGlobal
